# THIS IS AN AUTOGENERATED FILE. DO NOT EDIT THIS FILE DIRECTLY.
# yarn lockfile v1


"@tokenizer/token@^0.3.0":
  version "0.3.0"
  resolved "https://registry.yarnpkg.com/@tokenizer/token/-/token-0.3.0.tgz#fe98a93fe789247e998c75e74e9c7c63217aa276"
  integrity sha512-OvjF+z51L3ov0OyAU0duzsYuvO01PH7x4t6DJx+guahgTnBHkhJdG7soQeTSFLWN3efnHyibZ4Z8l2EuWwJN3A==

file-type@^16.5.3:
  version "16.5.3"
  resolved "https://registry.yarnpkg.com/file-type/-/file-type-16.5.3.tgz#474b7e88c74724046abb505e9b8ed4db30c4fc06"
  integrity sha512-uVsl7iFhHSOY4bEONLlTK47iAHtNsFHWP5YE4xJfZ4rnX7S1Q3wce09XgqSC7E/xh8Ncv/be1lNoyprlUH/x6A==
  dependencies:
    readable-web-to-node-stream "^3.0.0"
    strtok3 "^6.2.4"
    token-types "^4.1.1"

ieee754@^1.2.1:
  version "1.2.1"
  resolved "https://registry.yarnpkg.com/ieee754/-/ieee754-1.2.1.tgz#8eb7a10a63fff25d15a57b001586d177d1b0d352"
  integrity sha512-dcyqhDvX1C46lXZcVqCpK+FtMRQVdIMN6/Df5js2zouUsqG7I6sFxitIC+7KYK29KdXOLHdu9zL4sFnoVQnqaA==

inherits@^2.0.3:
  version "2.0.4"
  resolved "https://registry.yarnpkg.com/inherits/-/inherits-2.0.4.tgz#0fa2c64f932917c3433a0ded55363aae37416b7c"
  integrity sha512-k/vGaX4/Yla3WzyMCvTQOXYeIHvqOKtnqBduzTHpzpQZzAskKMhZ2K+EnBiSM9zGSoIFeMpXKxa4dYeZIQqewQ==

peek-readable@^4.0.1:
  version "4.0.1"
  resolved "https://registry.yarnpkg.com/peek-readable/-/peek-readable-4.0.1.tgz#9a045f291db254111c3412c1ce4fec27ddd4d202"
  integrity sha512-7qmhptnR0WMSpxT5rMHG9bW/mYSR1uqaPFj2MHvT+y/aOUu6msJijpKt5SkTDKySwg65OWG2JwTMBlgcbwMHrQ==

readable-stream@^3.6.0:
  version "3.6.0"
  resolved "https://registry.yarnpkg.com/readable-stream/-/readable-stream-3.6.0.tgz#337bbda3adc0706bd3e024426a286d4b4b2c9198"
  integrity sha512-BViHy7LKeTz4oNnkcLJ+lVSL6vpiFeX6/d3oSH8zCW7UxP2onchk+vTGB143xuFjHS3deTgkKoXXymXqymiIdA==
  dependencies:
    inherits "^2.0.3"
    string_decoder "^1.1.1"
    util-deprecate "^1.0.1"

readable-web-to-node-stream@^3.0.0:
  version "3.0.2"
  resolved "https://registry.yarnpkg.com/readable-web-to-node-stream/-/readable-web-to-node-stream-3.0.2.tgz#5d52bb5df7b54861fd48d015e93a2cb87b3ee0bb"
  integrity sha512-ePeK6cc1EcKLEhJFt/AebMCLL+GgSKhuygrZ/GLaKZYEecIgIECf4UaUuaByiGtzckwR4ain9VzUh95T1exYGw==
  dependencies:
    readable-stream "^3.6.0"

safe-buffer@~5.2.0:
  version "5.2.1"
  resolved "https://registry.yarnpkg.com/safe-buffer/-/safe-buffer-5.2.1.tgz#1eaf9fa9bdb1fdd4ec75f58f9cdb4e6b7827eec6"
  integrity sha512-rp3So07KcdmmKbGvgaNxQSJr7bGVSVk5S9Eq1F+ppbRo70+YeaDxkw5Dd8NPN+GD6bjnYm2VuPuCXmpuYvmCXQ==

string_decoder@^1.1.1:
  version "1.3.0"
  resolved "https://registry.yarnpkg.com/string_decoder/-/string_decoder-1.3.0.tgz#42f114594a46cf1a8e30b0a84f56c78c3edac21e"
  integrity sha512-hkRX8U1WjJFd8LsDJ2yQ/wWWxaopEsABU1XfkM8A+j0+85JAGppt16cr1Whg6KIbb4okU6Mql6BOj+uup/wKeA==
  dependencies:
    safe-buffer "~5.2.0"

strtok3@^6.2.4:
  version "6.2.4"
  resolved "https://registry.yarnpkg.com/strtok3/-/strtok3-6.2.4.tgz#302aea64c0fa25d12a0385069ba66253fdc38a81"
  integrity sha512-GO8IcFF9GmFDvqduIspUBwCzCbqzegyVKIsSymcMgiZKeCfrN9SowtUoi8+b59WZMAjIzVZic/Ft97+pynR3Iw==
  dependencies:
    "@tokenizer/token" "^0.3.0"
    peek-readable "^4.0.1"

token-types@^4.1.1:
  version "4.1.1"
  resolved "https://registry.yarnpkg.com/token-types/-/token-types-4.1.1.tgz#ef9e8c8e2e0ded9f1b3f8dbaa46a3228b113ba1a"
  integrity sha512-hD+QyuUAyI2spzsI0B7gf/jJ2ggR4RjkAo37j3StuePhApJUwcWDjnHDOFdIWYSwNR28H14hpwm4EI+V1Ted1w==
  dependencies:
    "@tokenizer/token" "^0.3.0"
    ieee754 "^1.2.1"

util-deprecate@^1.0.1:
  version "1.0.2"
  resolved "https://registry.yarnpkg.com/util-deprecate/-/util-deprecate-1.0.2.tgz#450d4dc9fa70de732762fbd2d4a28981419a0ccf"
  integrity sha1-RQ1Nyfpw3nMnYvvS1KKJgUGaDM8=
